// !$*UTF8*$!
{
	archiveVersion = 1;
	classes = {
	};
	objectVersion = 46;
	objects = {

/* Begin PBXBuildFile section */
		7D42EF611B0ACB14001C36A8 /* main.m in Sources */ = {isa = PBXBuildFile; fileRef = 7D42EF601B0ACB14001C36A8 /* main.m */; };
		7D42EF641B0ACB14001C36A8 /* AppDelegate.m in Sources */ = {isa = PBXBuildFile; fileRef = 7D42EF631B0ACB14001C36A8 /* AppDelegate.m */; };
		7D42EF671B0ACB14001C36A8 /* CoreDataTestBed.xcdatamodeld in Sources */ = {isa = PBXBuildFile; fileRef = 7D42EF651B0ACB14001C36A8 /* CoreDataTestBed.xcdatamodeld */; };
		7D42EF6A1B0ACB14001C36A8 /* ViewController.m in Sources */ = {isa = PBXBuildFile; fileRef = 7D42EF691B0ACB14001C36A8 /* ViewController.m */; };
		7D42EF6F1B0ACB14001C36A8 /* Images.xcassets in Resources */ = {isa = PBXBuildFile; fileRef = 7D42EF6E1B0ACB14001C36A8 /* Images.xcassets */; };
		7D42EF721B0ACB14001C36A8 /* LaunchScreen.xib in Resources */ = {isa = PBXBuildFile; fileRef = 7D42EF701B0ACB14001C36A8 /* LaunchScreen.xib */; };
		7D42EF7E1B0ACB14001C36A8 /* CoreDataTestBedTests.m in Sources */ = {isa = PBXBuildFile; fileRef = 7D42EF7D1B0ACB14001C36A8 /* CoreDataTestBedTests.m */; };
		7D42EF891B0ACBC9001C36A8 /* TestEntity.m in Sources */ = {isa = PBXBuildFile; fileRef = 7D42EF881B0ACBC9001C36A8 /* TestEntity.m */; };
		7D42EF8B1B0ACC0C001C36A8 /* Main.storyboard in Resources */ = {isa = PBXBuildFile; fileRef = 7D42EF8A1B0ACC0C001C36A8 /* Main.storyboard */; };
		7D42EF8E1B0AD1FB001C36A8 /* TestEntity+AddOn.m in Sources */ = {isa = PBXBuildFile; fileRef = 7D42EF8D1B0AD1FB001C36A8 /* TestEntity+AddOn.m */; };
/* End PBXBuildFile section */

/* Begin PBXContainerItemProxy section */
		7D42EF781B0ACB14001C36A8 /* PBXContainerItemProxy */ = {
			isa = PBXContainerItemProxy;
			containerPortal = 7D42EF531B0ACB14001C36A8 /* Project object */;
			proxyType = 1;
			remoteGlobalIDString = 7D42EF5A1B0ACB14001C36A8;
			remoteInfo = CoreDataTestBed;
		};
/* End PBXContainerItemProxy section */

/* Begin PBXFileReference section */
		7D42EF5B1B0ACB14001C36A8 /* CoreDataTestBed.app */ = {isa = PBXFileReference; explicitFileType = wrapper.application; includeInIndex = 0; path = CoreDataTestBed.app; sourceTree = BUILT_PRODUCTS_DIR; };
		7D42EF5F1B0ACB14001C36A8 /* Info.plist */ = {isa = PBXFileReference; lastKnownFileType = text.plist.xml; path = Info.plist; sourceTree = "<group>"; };
		7D42EF601B0ACB14001C36A8 /* main.m */ = {isa = PBXFileReference; lastKnownFileType = sourcecode.c.objc; path = main.m; sourceTree = "<group>"; };
		7D42EF621B0ACB14001C36A8 /* AppDelegate.h */ = {isa = PBXFileReference; lastKnownFileType = sourcecode.c.h; path = AppDelegate.h; sourceTree = "<group>"; };
		7D42EF631B0ACB14001C36A8 /* AppDelegate.m */ = {isa = PBXFileReference; lastKnownFileType = sourcecode.c.objc; path = AppDelegate.m; sourceTree = "<group>"; };
		7D42EF661B0ACB14001C36A8 /* CoreDataTestBed.xcdatamodel */ = {isa = PBXFileReference; lastKnownFileType = wrapper.xcdatamodel; path = CoreDataTestBed.xcdatamodel; sourceTree = "<group>"; };
		7D42EF681B0ACB14001C36A8 /* ViewController.h */ = {isa = PBXFileReference; lastKnownFileType = sourcecode.c.h; path = ViewController.h; sourceTree = "<group>"; };
		7D42EF691B0ACB14001C36A8 /* ViewController.m */ = {isa = PBXFileReference; lastKnownFileType = sourcecode.c.objc; path = ViewController.m; sourceTree = "<group>"; };
		7D42EF6E1B0ACB14001C36A8 /* Images.xcassets */ = {isa = PBXFileReference; lastKnownFileType = folder.assetcatalog; path = Images.xcassets; sourceTree = "<group>"; };
		7D42EF711B0ACB14001C36A8 /* Base */ = {isa = PBXFileReference; lastKnownFileType = file.xib; name = Base; path = Base.lproj/LaunchScreen.xib; sourceTree = "<group>"; };
		7D42EF771B0ACB14001C36A8 /* CoreDataTestBedTests.xctest */ = {isa = PBXFileReference; explicitFileType = wrapper.cfbundle; includeInIndex = 0; path = CoreDataTestBedTests.xctest; sourceTree = BUILT_PRODUCTS_DIR; };
		7D42EF7C1B0ACB14001C36A8 /* Info.plist */ = {isa = PBXFileReference; lastKnownFileType = text.plist.xml; path = Info.plist; sourceTree = "<group>"; };
		7D42EF7D1B0ACB14001C36A8 /* CoreDataTestBedTests.m */ = {isa = PBXFileReference; lastKnownFileType = sourcecode.c.objc; path = CoreDataTestBedTests.m; sourceTree = "<group>"; };
		7D42EF871B0ACBC9001C36A8 /* TestEntity.h */ = {isa = PBXFileReference; fileEncoding = 4; lastKnownFileType = sourcecode.c.h; name = TestEntity.h; path = CoreData/TestEntity.h; sourceTree = "<group>"; };
		7D42EF881B0ACBC9001C36A8 /* TestEntity.m */ = {isa = PBXFileReference; fileEncoding = 4; lastKnownFileType = sourcecode.c.objc; name = TestEntity.m; path = CoreData/TestEntity.m; sourceTree = "<group>"; };
		7D42EF8A1B0ACC0C001C36A8 /* Main.storyboard */ = {isa = PBXFileReference; fileEncoding = 4; lastKnownFileType = file.storyboard; path = Main.storyboard; sourceTree = "<group>"; };
		7D42EF8C1B0AD1FB001C36A8 /* TestEntity+AddOn.h */ = {isa = PBXFileReference; fileEncoding = 4; lastKnownFileType = sourcecode.c.h; path = "TestEntity+AddOn.h"; sourceTree = "<group>"; };
		7D42EF8D1B0AD1FB001C36A8 /* TestEntity+AddOn.m */ = {isa = PBXFileReference; fileEncoding = 4; lastKnownFileType = sourcecode.c.objc; path = "TestEntity+AddOn.m"; sourceTree = "<group>"; };
/* End PBXFileReference section */

/* Begin PBXFrameworksBuildPhase section */
		7D42EF581B0ACB14001C36A8 /* Frameworks */ = {
			isa = PBXFrameworksBuildPhase;
			buildActionMask = 2147483647;
			files = (
			);
			runOnlyForDeploymentPostprocessing = 0;
		};
		7D42EF741B0ACB14001C36A8 /* Frameworks */ = {
			isa = PBXFrameworksBuildPhase;
			buildActionMask = 2147483647;
			files = (
			);
			runOnlyForDeploymentPostprocessing = 0;
		};
/* End PBXFrameworksBuildPhase section */

/* Begin PBXGroup section */
		7D42EF521B0ACB14001C36A8 = {
			isa = PBXGroup;
			children = (
				7D42EF5D1B0ACB14001C36A8 /* CoreDataTestBed */,
				7D42EF7A1B0ACB14001C36A8 /* CoreDataTestBedTests */,
				7D42EF5C1B0ACB14001C36A8 /* Products */,
			);
			sourceTree = "<group>";
		};
		7D42EF5C1B0ACB14001C36A8 /* Products */ = {
			isa = PBXGroup;
			children = (
				7D42EF5B1B0ACB14001C36A8 /* CoreDataTestBed.app */,
				7D42EF771B0ACB14001C36A8 /* CoreDataTestBedTests.xctest */,
			);
			name = Products;
			sourceTree = "<group>";
		};
		7D42EF5D1B0ACB14001C36A8 /* CoreDataTestBed */ = {
			isa = PBXGroup;
			children = (
				7D42EF871B0ACBC9001C36A8 /* TestEntity.h */,
				7D42EF881B0ACBC9001C36A8 /* TestEntity.m */,
				7D42EF621B0ACB14001C36A8 /* AppDelegate.h */,
				7D42EF631B0ACB14001C36A8 /* AppDelegate.m */,
				7D42EF681B0ACB14001C36A8 /* ViewController.h */,
				7D42EF691B0ACB14001C36A8 /* ViewController.m */,
				7D42EF8C1B0AD1FB001C36A8 /* TestEntity+AddOn.h */,
				7D42EF8D1B0AD1FB001C36A8 /* TestEntity+AddOn.m */,
				7D42EF6E1B0ACB14001C36A8 /* Images.xcassets */,
				7D42EF8A1B0ACC0C001C36A8 /* Main.storyboard */,
				7D42EF701B0ACB14001C36A8 /* LaunchScreen.xib */,
				7D42EF651B0ACB14001C36A8 /* CoreDataTestBed.xcdatamodeld */,
				7D42EF5E1B0ACB14001C36A8 /* Supporting Files */,
			);
			path = CoreDataTestBed;
			sourceTree = "<group>";
		};
		7D42EF5E1B0ACB14001C36A8 /* Supporting Files */ = {
			isa = PBXGroup;
			children = (
				7D42EF5F1B0ACB14001C36A8 /* Info.plist */,
				7D42EF601B0ACB14001C36A8 /* main.m */,
			);
			name = "Supporting Files";
			sourceTree = "<group>";
		};
		7D42EF7A1B0ACB14001C36A8 /* CoreDataTestBedTests */ = {
			isa = PBXGroup;
			children = (
				7D42EF7D1B0ACB14001C36A8 /* CoreDataTestBedTests.m */,
				7D42EF7B1B0ACB14001C36A8 /* Supporting Files */,
			);
			path = CoreDataTestBedTests;
			sourceTree = "<group>";
		};
		7D42EF7B1B0ACB14001C36A8 /* Supporting Files */ = {
			isa = PBXGroup;
			children = (
				7D42EF7C1B0ACB14001C36A8 /* Info.plist */,
			);
			name = "Supporting Files";
			sourceTree = "<group>";
		};
/* End PBXGroup section */

/* Begin PBXNativeTarget section */
		7D42EF5A1B0ACB14001C36A8 /* CoreDataTestBed */ = {
			isa = PBXNativeTarget;
			buildConfigurationList = 7D42EF811B0ACB14001C36A8 /* Build configuration list for PBXNativeTarget "CoreDataTestBed" */;
			buildPhases = (
				7D42EF571B0ACB14001C36A8 /* Sources */,
				7D42EF581B0ACB14001C36A8 /* Frameworks */,
				7D42EF591B0ACB14001C36A8 /* Resources */,
			);
			buildRules = (
			);
			dependencies = (
			);
			name = CoreDataTestBed;
			productName = CoreDataTestBed;
			productReference = 7D42EF5B1B0ACB14001C36A8 /* CoreDataTestBed.app */;
			productType = "com.apple.product-type.application";
		};
		7D42EF761B0ACB14001C36A8 /* CoreDataTestBedTests */ = {
			isa = PBXNativeTarget;
			buildConfigurationList = 7D42EF841B0ACB14001C36A8 /* Build configuration list for PBXNativeTarget "CoreDataTestBedTests" */;
			buildPhases = (
				7D42EF731B0ACB14001C36A8 /* Sources */,
				7D42EF741B0ACB14001C36A8 /* Frameworks */,
				7D42EF751B0ACB14001C36A8 /* Resources */,
			);
			buildRules = (
			);
			dependencies = (
				7D42EF791B0ACB14001C36A8 /* PBXTargetDependency */,
			);
			name = CoreDataTestBedTests;
			productName = CoreDataTestBedTests;
			productReference = 7D42EF771B0ACB14001C36A8 /* CoreDataTestBedTests.xctest */;
			productType = "com.apple.product-type.bundle.unit-test";
		};
/* End PBXNativeTarget section */

/* Begin PBXProject section */
		7D42EF531B0ACB14001C36A8 /* Project object */ = {
			isa = PBXProject;
			attributes = {
				LastUpgradeCheck = 0630;
				ORGANIZATIONNAME = CyberLink;
				TargetAttributes = {
					7D42EF5A1B0ACB14001C36A8 = {
						CreatedOnToolsVersion = 6.3.1;
					};
					7D42EF761B0ACB14001C36A8 = {
						CreatedOnToolsVersion = 6.3.1;
						TestTargetID = 7D42EF5A1B0ACB14001C36A8;
					};
				};
			};
			buildConfigurationList = 7D42EF561B0ACB14001C36A8 /* Build configuration list for PBXProject "CoreDataTestBed" */;
			compatibilityVersion = "Xcode 3.2";
			developmentRegion = English;
			hasScannedForEncodings = 0;
			knownRegions = (
				en,
				Base,
			);
			mainGroup = 7D42EF521B0ACB14001C36A8;
			productRefGroup = 7D42EF5C1B0ACB14001C36A8 /* Products */;
			projectDirPath = "";
			projectRoot = "";
			targets = (
				7D42EF5A1B0ACB14001C36A8 /* CoreDataTestBed */,
				7D42EF761B0ACB14001C36A8 /* CoreDataTestBedTests */,
			);
		};
/* End PBXProject section */

/* Begin PBXResourcesBuildPhase section */
		7D42EF591B0ACB14001C36A8 /* Resources */ = {
			isa = PBXResourcesBuildPhase;
			buildActionMask = 2147483647;
			files = (
				7D42EF8B1B0ACC0C001C36A8 /* Main.storyboard in Resources */,
				7D42EF721B0ACB14001C36A8 /* LaunchScreen.xib in Resources */,
				7D42EF6F1B0ACB14001C36A8 /* Images.xcassets in Resources */,
			);
			runOnlyForDeploymentPostprocessing = 0;
		};
		7D42EF751B0ACB14001C36A8 /* Resources */ = {
			isa = PBXResourcesBuildPhase;
			buildActionMask = 2147483647;
			files = (
			);
			runOnlyForDeploymentPostprocessing = 0;
		};
/* End PBXResourcesBuildPhase section */

/* Begin PBXSourcesBuildPhase section */
		7D42EF571B0ACB14001C36A8 /* Sources */ = {
			isa = PBXSourcesBuildPhase;
			buildActionMask = 2147483647;
			files = (
				7D42EF641B0ACB14001C36A8 /* AppDelegate.m in Sources */,
				7D42EF891B0ACBC9001C36A8 /* TestEntity.m in Sources */,
				7D42EF611B0ACB14001C36A8 /* main.m in Sources */,
				7D42EF8E1B0AD1FB001C36A8 /* TestEntity+AddOn.m in Sources */,
				7D42EF6A1B0ACB14001C36A8 /* ViewController.m in Sources */,
				7D42EF671B0ACB14001C36A8 /* CoreDataTestBed.xcdatamodeld in Sources */,
			);
			runOnlyForDeploymentPostprocessing = 0;
		};
		7D42EF731B0ACB14001C36A8 /* Sources */ = {
			isa = PBXSourcesBuildPhase;
			buildActionMask = 2147483647;
			files = (
				7D42EF7E1B0ACB14001C36A8 /* CoreDataTestBedTests.m in Sources */,
			);
			runOnlyForDeploymentPostprocessing = 0;
		};
/* End PBXSourcesBuildPhase section */

/* Begin PBXTargetDependency section */
		7D42EF791B0ACB14001C36A8 /* PBXTargetDependency */ = {
			isa = PBXTargetDependency;
			target = 7D42EF5A1B0ACB14001C36A8 /* CoreDataTestBed */;
			targetProxy = 7D42EF781B0ACB14001C36A8 /* PBXContainerItemProxy */;
		};
/* End PBXTargetDependency section */

/* Begin PBXVariantGroup section */
		7D42EF701B0ACB14001C36A8 /* LaunchScreen.xib */ = {
			isa = PBXVariantGroup;
			children = (
				7D42EF711B0ACB14001C36A8 /* Base */,
			);
			name = LaunchScreen.xib;
			sourceTree = "<group>";
		};
/* End PBXVariantGroup section */

/* Begin XCBuildConfiguration section */
		7D42EF7F1B0ACB14001C36A8 /* Debug */ = {
			isa = XCBuildConfiguration;
			buildSettings = {
				ALWAYS_SEARCH_USER_PATHS = NO;
				CLANG_CXX_LANGUAGE_STANDARD = "gnu++0x";
				CLANG_CXX_LIBRARY = "libc++";
				CLANG_ENABLE_MODULES = YES;
				CLANG_ENABLE_OBJC_ARC = YES;
				CLANG_WARN_BOOL_CONVERSION = YES;
				CLANG_WARN_CONSTANT_CONVERSION = YES;
				CLANG_WARN_DIRECT_OBJC_ISA_USAGE = YES_ERROR;
				CLANG_WARN_EMPTY_BODY = YES;
				CLANG_WARN_ENUM_CONVERSION = YES;
				CLANG_WARN_INT_CONVERSION = YES;
				CLANG_WARN_OBJC_ROOT_CLASS = YES_ERROR;
				CLANG_WARN_UNREACHABLE_CODE = YES;
				CLANG_WARN__DUPLICATE_METHOD_MATCH = YES;
				"CODE_SIGN_IDENTITY[sdk=iphoneos*]" = "iPhone Developer";
				COPY_PHASE_STRIP = NO;
				DEBUG_INFORMATION_FORMAT = "dwarf-with-dsym";
				ENABLE_STRICT_OBJC_MSGSEND = YES;
				GCC_C_LANGUAGE_STANDARD = gnu99;
				GCC_DYNAMIC_NO_PIC = NO;
				GCC_NO_COMMON_BLOCKS = YES;
				GCC_OPTIMIZATION_LEVEL = 0;
				GCC_PREPROCESSOR_DEFINITIONS = (
					"DEBUG=1",
					"$(inherited)",
				);
				GCC_SYMBOLS_PRIVATE_EXTERN = NO;
				GCC_WARN_64_TO_32_BIT_CONVERSION = YES;
				GCC_WARN_ABOUT_RETURN_TYPE = YES_ERROR;
				GCC_WARN_UNDECLARED_SELECTOR = YES;
				GCC_WARN_UNINITIALIZED_AUTOS = YES_AGGRESSIVE;
				GCC_WARN_UNUSED_FUNCTION = YES;
				GCC_WARN_UNUSED_VARIABLE = YES;
				IPHONEOS_DEPLOYMENT_TARGET = 8.3;
				MTL_ENABLE_DEBUG_INFO = YES;
				ONLY_ACTIVE_ARCH = YES;
				SDKROOT = iphoneos;
				TARGETED_DEVICE_FAMILY = "1,2";
			};
			name = Debug;
		};
		7D42EF801B0ACB14001C36A8 /* Release */ = {
			isa = XCBuildConfiguration;
			buildSettings = {
				ALWAYS_SEARCH_USER_PATHS = NO;
				CLANG_CXX_LANGUAGE_STANDARD = "gnu++0x";
				CLANG_CXX_LIBRARY = "libc++";
				CLANG_ENABLE_MODULES = YES;
				CLANG_ENABLE_OBJC_ARC = YES;
				CLANG_WARN_BOOL_CONVERSION = YES;
				CLANG_WARN_CONSTANT_CONVERSION = YES;
				CLANG_WARN_DIRECT_OBJC_ISA_USAGE = YES_ERROR;
				CLANG_WARN_EMPTY_BODY = YES;
				CLANG_WARN_ENUM_CONVERSION = YES;
				CLANG_WARN_INT_CONVERSION = YES;
				CLANG_WARN_OBJC_ROOT_CLASS = YES_ERROR;
				CLANG_WARN_UNREACHABLE_CODE = YES;
				CLANG_WARN__DUPLICATE_METHOD_MATCH = YES;
				"CODE_SIGN_IDENTITY[sdk=iphoneos*]" = "iPhone Developer";
				COPY_PHASE_STRIP = NO;
				DEBUG_INFORMATION_FORMAT = "dwarf-with-dsym";
				ENABLE_NS_ASSERTIONS = NO;
				ENABLE_STRICT_OBJC_MSGSEND = YES;
				GCC_C_LANGUAGE_STANDARD = gnu99;
				GCC_NO_COMMON_BLOCKS = YES;
				GCC_WARN_64_TO_32_BIT_CONVERSION = YES;
				GCC_WARN_ABOUT_RETURN_TYPE = YES_ERROR;
				GCC_WARN_UNDECLARED_SELECTOR = YES;
				GCC_WARN_UNINITIALIZED_AUTOS = YES_AGGRESSIVE;
				GCC_WARN_UNUSED_FUNCTION = YES;
				GCC_WARN_UNUSED_VARIABLE = YES;
				IPHONEOS_DEPLOYMENT_TARGET = 8.3;
				MTL_ENABLE_DEBUG_INFO = NO;
				SDKROOT = iphoneos;
				TARGETED_DEVICE_FAMILY = "1,2";
				VALIDATE_PRODUCT = YES;
			};
			name = Release;
		};
		7D42EF821B0ACB14001C36A8 /* Debug */ = {
			isa = XCBuildConfiguration;
			buildSettings = {
				ASSETCATALOG_COMPILER_APPICON_NAME = AppIcon;
				INFOPLIST_FILE = CoreDataTestBed/Info.plist;
				LD_RUNPATH_SEARCH_PATHS = "$(inherited) @executable_path/Frameworks";
				PRODUCT_NAME = "$(TARGET_NAME)";
			};
			name = Debug;
		};
		7D42EF831B0ACB14001C36A8 /* Release */ = {
			isa = XCBuildConfiguration;
			buildSettings = {
				ASSETCATALOG_COMPILER_APPICON_NAME = AppIcon;
				INFOPLIST_FILE = CoreDataTestBed/Info.plist;
				LD_RUNPATH_SEARCH_PATHS = "$(inherited) @executable_path/Frameworks";
				PRODUCT_NAME = "$(TARGET_NAME)";
			};
			name = Release;
		};
		7D42EF851B0ACB14001C36A8 /* Debug */ = {
			isa = XCBuildConfiguration;
			buildSettings = {
				BUNDLE_LOADER = "$(TEST_HOST)";
				FRAMEWORK_SEARCH_PATHS = (
					"$(SDKROOT)/Developer/Library/Frameworks",
					"$(inherited)",
				);
				GCC_PREPROCESSOR_DEFINITIONS = (
					"DEBUG=1",
					"$(inherited)",
				);
				INFOPLIST_FILE = CoreDataTestBedTests/Info.plist;
				LD_RUNPATH_SEARCH_PATHS = "$(inherited) @executable_path/Frameworks @loader_path/Frameworks";
				PRODUCT_NAME = "$(TARGET_NAME)";
				TEST_HOST = "$(BUILT_PRODUCTS_DIR)/CoreDataTestBed.app/CoreDataTestBed";
			};
			name = Debug;
		};
		7D42EF861B0ACB14001C36A8 /* Release */ = {
			isa = XCBuildConfiguration;
			buildSettings = {
				BUNDLE_LOADER = "$(TEST_HOST)";
				FRAMEWORK_SEARCH_PATHS = (
					"$(SDKROOT)/Developer/Library/Frameworks",
					"$(inherited)",
				);
				INFOPLIST_FILE = CoreDataTestBedTests/Info.plist;
				LD_RUNPATH_SEARCH_PATHS = "$(inherited) @executable_path/Frameworks @loader_path/Frameworks";
				PRODUCT_NAME = "$(TARGET_NAME)";
				TEST_HOST = "$(BUILT_PRODUCTS_DIR)/CoreDataTestBed.app/CoreDataTestBed";
			};
			name = Release;
		};
/* End XCBuildConfiguration section */

/* Begin XCConfigurationList section */
		7D42EF561B0ACB14001C36A8 /* Build configuration list for PBXProject "CoreDataTestBed" */ = {
			isa = XCConfigurationList;
			buildConfigurations = (
				7D42EF7F1B0ACB14001C36A8 /* Debug */,
				7D42EF801B0ACB14001C36A8 /* Release */,
			);
			defaultConfigurationIsVisible = 0;
			defaultConfigurationName = Release;
		};
		7D42EF811B0ACB14001C36A8 /* Build configuration list for PBXNativeTarget "CoreDataTestBed" */ = {
			isa = XCConfigurationList;
			buildConfigurations = (
				7D42EF821B0ACB14001C36A8 /* Debug */,
				7D42EF831B0ACB14001C36A8 /* Release */,
			);
			defaultConfigurationIsVisible = 0;
			defaultConfigurationName = Release;
		};
		7D42EF841B0ACB14001C36A8 /* Build configuration list for PBXNativeTarget "CoreDataTestBedTests" */ = {
			isa = XCConfigurationList;
			buildConfigurations = (
				7D42EF851B0ACB14001C36A8 /* Debug */,
				7D42EF861B0ACB14001C36A8 /* Release */,
			);
			defaultConfigurationIsVisible = 0;
			defaultConfigurationName = Release;
		};
/* End XCConfigurationList section */

/* Begin XCVersionGroup section */
		7D42EF651B0ACB14001C36A8 /* CoreDataTestBed.xcdatamodeld */ = {
			isa = XCVersionGroup;
			children = (
				7D42EF661B0ACB14001C36A8 /* CoreDataTestBed.xcdatamodel */,
			);
			currentVersion = 7D42EF661B0ACB14001C36A8 /* CoreDataTestBed.xcdatamodel */;
			path = CoreDataTestBed.xcdatamodeld;
			sourceTree = "<group>";
			versionGroupType = wrapper.xcdatamodel;
		};
/* End XCVersionGroup section */
	};
	rootObject = 7D42EF531B0ACB14001C36A8 /* Project object */;
}
